<?xml version="1.0" encoding="utf-8"?>
<Project ToolsVersion="4.0" xmlns="http://schemas.microsoft.com/developer/msbuild/2003">
  <ItemGroup>
    <ClCompile Include="..\block_identifier\main.cpp" />
    <ClCompile Include="OpenCVLink.cpp" />
    <ClCompile Include="..\block_identifier\identify.cpp" />
    <ClCompile Include="..\block_identifier\sender.cpp" />
    <ClCompile Include="..\block_identifier\option.cpp" />
  </ItemGroup>
  <ItemGroup>
    <ClInclude Include="..\block_identifier\define.h" />
    <ClInclude Include="..\block_identifier\identify.h" />
    <ClInclude Include="..\block_identifier\sender.h" />
    <ClInclude Include="..\block_identifier\option.h" />
    <ClInclude Include="..\block_identifier\picojson.h" />
  </ItemGroup>
</Project>