// !$*UTF8*$!
{
	archiveVersion = 1;
	classes = {
	};
	objectVersion = 46;
	objects = {

/* Begin PBXBuildFile section */
		280965C81F8F01EF00BC4779 /* libboost_program_options.a in Frameworks */ = {isa = PBXBuildFile; fileRef = 280965C71F8F01EF00BC4779 /* libboost_program_options.a */; };
		280965CA1F8F01FC00BC4779 /* libboost_serialization.a in Frameworks */ = {isa = PBXBuildFile; fileRef = 280965C91F8F01FC00BC4779 /* libboost_serialization.a */; };
		280965CC1F8F020200BC4779 /* libboost_system.a in Frameworks */ = {isa = PBXBuildFile; fileRef = 280965CB1F8F020200BC4779 /* libboost_system.a */; };
		285092AE1F7E0759003FAA98 /* libopencv_core.dylib in Frameworks */ = {isa = PBXBuildFile; fileRef = 285092AB1F7E0759003FAA98 /* libopencv_core.dylib */; };
		285092AF1F7E0759003FAA98 /* libopencv_highgui.dylib in Frameworks */ = {isa = PBXBuildFile; fileRef = 285092AC1F7E0759003FAA98 /* libopencv_highgui.dylib */; };
		285092B01F7E0759003FAA98 /* libopencv_imgproc.dylib in Frameworks */ = {isa = PBXBuildFile; fileRef = 285092AD1F7E0759003FAA98 /* libopencv_imgproc.dylib */; };
/* End PBXBuildFile section */

/* Begin PBXCopyFilesBuildPhase section */
		28A3E0E21F7E060500340A17 /* CopyFiles */ = {
			isa = PBXCopyFilesBuildPhase;
			buildActionMask = 2147483647;
			dstPath = /usr/share/man/man1/;
			dstSubfolderSpec = 0;
			files = (
			);
			runOnlyForDeploymentPostprocessing = 1;
		};
/* End PBXCopyFilesBuildPhase section */

/* Begin PBXFileReference section */
		280965BE1F8F018100BC4779 /* identify.h */ = {isa = PBXFileReference; lastKnownFileType = sourcecode.c.h; path = identify.h; sourceTree = "<group>"; };
		280965BF1F8F018100BC4779 /* option.h */ = {isa = PBXFileReference; lastKnownFileType = sourcecode.c.h; path = option.h; sourceTree = "<group>"; };
		280965C01F8F018100BC4779 /* sender.cpp */ = {isa = PBXFileReference; lastKnownFileType = sourcecode.cpp.cpp; path = sender.cpp; sourceTree = "<group>"; };
		280965C11F8F018100BC4779 /* picojson.h */ = {isa = PBXFileReference; lastKnownFileType = sourcecode.c.h; path = picojson.h; sourceTree = "<group>"; };
		280965C21F8F018100BC4779 /* option.cpp */ = {isa = PBXFileReference; lastKnownFileType = sourcecode.cpp.cpp; path = option.cpp; sourceTree = "<group>"; };
		280965C31F8F018100BC4779 /* identify.cpp */ = {isa = PBXFileReference; lastKnownFileType = sourcecode.cpp.cpp; path = identify.cpp; sourceTree = "<group>"; };
		280965C41F8F018100BC4779 /* define.h */ = {isa = PBXFileReference; lastKnownFileType = sourcecode.c.h; path = define.h; sourceTree = "<group>"; };
		280965C51F8F018100BC4779 /* sender.h */ = {isa = PBXFileReference; lastKnownFileType = sourcecode.c.h; path = sender.h; sourceTree = "<group>"; };
		280965C61F8F018100BC4779 /* main.cpp */ = {isa = PBXFileReference; lastKnownFileType = sourcecode.cpp.cpp; path = main.cpp; sourceTree = "<group>"; };
		280965C71F8F01EF00BC4779 /* libboost_program_options.a */ = {isa = PBXFileReference; lastKnownFileType = archive.ar; name = libboost_program_options.a; path = ../../../../usr/local/lib/libboost_program_options.a; sourceTree = "<group>"; };
		280965C91F8F01FC00BC4779 /* libboost_serialization.a */ = {isa = PBXFileReference; lastKnownFileType = archive.ar; name = libboost_serialization.a; path = ../../../../usr/local/lib/libboost_serialization.a; sourceTree = "<group>"; };
		280965CB1F8F020200BC4779 /* libboost_system.a */ = {isa = PBXFileReference; lastKnownFileType = archive.ar; name = libboost_system.a; path = ../../../../usr/local/lib/libboost_system.a; sourceTree = "<group>"; };
		285092AB1F7E0759003FAA98 /* libopencv_core.dylib */ = {isa = PBXFileReference; lastKnownFileType = "compiled.mach-o.dylib"; name = libopencv_core.dylib; path = ../../../../usr/local/lib/libopencv_core.dylib; sourceTree = "<group>"; };
		285092AC1F7E0759003FAA98 /* libopencv_highgui.dylib */ = {isa = PBXFileReference; lastKnownFileType = "compiled.mach-o.dylib"; name = libopencv_highgui.dylib; path = ../../../../usr/local/lib/libopencv_highgui.dylib; sourceTree = "<group>"; };
		285092AD1F7E0759003FAA98 /* libopencv_imgproc.dylib */ = {isa = PBXFileReference; lastKnownFileType = "compiled.mach-o.dylib"; name = libopencv_imgproc.dylib; path = ../../../../usr/local/lib/libopencv_imgproc.dylib; sourceTree = "<group>"; };
		28A3E0E41F7E060500340A17 /* block_identifier */ = {isa = PBXFileReference; explicitFileType = "compiled.mach-o.executable"; includeInIndex = 0; path = block_identifier; sourceTree = BUILT_PRODUCTS_DIR; };
/* End PBXFileReference section */

/* Begin PBXFrameworksBuildPhase section */
		28A3E0E11F7E060500340A17 /* Frameworks */ = {
			isa = PBXFrameworksBuildPhase;
			buildActionMask = 2147483647;
			files = (
				285092AE1F7E0759003FAA98 /* libopencv_core.dylib in Frameworks */,
				285092AF1F7E0759003FAA98 /* libopencv_highgui.dylib in Frameworks */,
				285092B01F7E0759003FAA98 /* libopencv_imgproc.dylib in Frameworks */,
				280965C81F8F01EF00BC4779 /* libboost_program_options.a in Frameworks */,
				280965CA1F8F01FC00BC4779 /* libboost_serialization.a in Frameworks */,
				280965CC1F8F020200BC4779 /* libboost_system.a in Frameworks */,
			);
			runOnlyForDeploymentPostprocessing = 0;
		};
/* End PBXFrameworksBuildPhase section */

/* Begin PBXGroup section */
		285092AA1F7E0759003FAA98 /* Frameworks */ = {
			isa = PBXGroup;
			children = (
				280965CB1F8F020200BC4779 /* libboost_system.a */,
				280965C91F8F01FC00BC4779 /* libboost_serialization.a */,
				280965C71F8F01EF00BC4779 /* libboost_program_options.a */,
				285092AB1F7E0759003FAA98 /* libopencv_core.dylib */,
				285092AC1F7E0759003FAA98 /* libopencv_highgui.dylib */,
				285092AD1F7E0759003FAA98 /* libopencv_imgproc.dylib */,
			);
			name = Frameworks;
			sourceTree = "<group>";
		};
		28A3E0DB1F7E060500340A17 = {
			isa = PBXGroup;
			children = (
				28A3E0E61F7E060500340A17 /* block_identifier */,
				28A3E0E51F7E060500340A17 /* Products */,
				285092AA1F7E0759003FAA98 /* Frameworks */,
			);
			sourceTree = "<group>";
		};
		28A3E0E51F7E060500340A17 /* Products */ = {
			isa = PBXGroup;
			children = (
				28A3E0E41F7E060500340A17 /* block_identifier */,
			);
			name = Products;
			sourceTree = "<group>";
		};
		28A3E0E61F7E060500340A17 /* block_identifier */ = {
			isa = PBXGroup;
			children = (
				280965C41F8F018100BC4779 /* define.h */,
				280965C31F8F018100BC4779 /* identify.cpp */,
				280965BE1F8F018100BC4779 /* identify.h */,
				280965C61F8F018100BC4779 /* main.cpp */,
				280965C21F8F018100BC4779 /* option.cpp */,
				280965BF1F8F018100BC4779 /* option.h */,
				280965C11F8F018100BC4779 /* picojson.h */,
				280965C01F8F018100BC4779 /* sender.cpp */,
				280965C51F8F018100BC4779 /* sender.h */,
			);
			path = block_identifier;
			sourceTree = "<group>";
		};
/* End PBXGroup section */

/* Begin PBXNativeTarget section */
		28A3E0E31F7E060500340A17 /* block_identifier */ = {
			isa = PBXNativeTarget;
			buildConfigurationList = 28A3E0EB1F7E060500340A17 /* Build configuration list for PBXNativeTarget "block_identifier" */;
			buildPhases = (
				28A3E0E01F7E060500340A17 /* Sources */,
				28A3E0E11F7E060500340A17 /* Frameworks */,
				28A3E0E21F7E060500340A17 /* CopyFiles */,
			);
			buildRules = (
			);
			dependencies = (
			);
			name = block_identifier;
			productName = block_identifier;
			productReference = 28A3E0E41F7E060500340A17 /* block_identifier */;
			productType = "com.apple.product-type.tool";
		};
/* End PBXNativeTarget section */

/* Begin PBXProject section */
		28A3E0DC1F7E060500340A17 /* Project object */ = {
			isa = PBXProject;
			attributes = {
				LastUpgradeCheck = 0830;
				ORGANIZATIONNAME = mikuriya;
				TargetAttributes = {
					28A3E0E31F7E060500340A17 = {
						CreatedOnToolsVersion = 8.3.3;
						ProvisioningStyle = Automatic;
					};
				};
			};
			buildConfigurationList = 28A3E0DF1F7E060500340A17 /* Build configuration list for PBXProject "block_identifier" */;
			compatibilityVersion = "Xcode 3.2";
			developmentRegion = English;
			hasScannedForEncodings = 0;
			knownRegions = (
				en,
			);
			mainGroup = 28A3E0DB1F7E060500340A17;
			productRefGroup = 28A3E0E51F7E060500340A17 /* Products */;
			projectDirPath = "";
			projectRoot = "";
			targets = (
				28A3E0E31F7E060500340A17 /* block_identifier */,
			);
		};
/* End PBXProject section */

/* Begin PBXSourcesBuildPhase section */
		28A3E0E01F7E060500340A17 /* Sources */ = {
			isa = PBXSourcesBuildPhase;
			buildActionMask = 2147483647;
			files = (
			);
			runOnlyForDeploymentPostprocessing = 0;
		};
/* End PBXSourcesBuildPhase section */

/* Begin XCBuildConfiguration section */
		28A3E0E91F7E060500340A17 /* Debug */ = {
			isa = XCBuildConfiguration;
			buildSettings = {
				ALWAYS_SEARCH_USER_PATHS = NO;
				CLANG_ANALYZER_NONNULL = YES;
				CLANG_ANALYZER_NUMBER_OBJECT_CONVERSION = YES_AGGRESSIVE;
				CLANG_CXX_LANGUAGE_STANDARD = "gnu++0x";
				CLANG_CXX_LIBRARY = "libc++";
				CLANG_ENABLE_MODULES = YES;
				CLANG_ENABLE_OBJC_ARC = YES;
				CLANG_WARN_BOOL_CONVERSION = YES;
				CLANG_WARN_CONSTANT_CONVERSION = YES;
				CLANG_WARN_DIRECT_OBJC_ISA_USAGE = YES_ERROR;
				CLANG_WARN_DOCUMENTATION_COMMENTS = YES;
				CLANG_WARN_EMPTY_BODY = YES;
				CLANG_WARN_ENUM_CONVERSION = YES;
				CLANG_WARN_INFINITE_RECURSION = YES;
				CLANG_WARN_INT_CONVERSION = YES;
				CLANG_WARN_OBJC_ROOT_CLASS = YES_ERROR;
				CLANG_WARN_SUSPICIOUS_MOVE = YES;
				CLANG_WARN_UNREACHABLE_CODE = YES;
				CLANG_WARN__DUPLICATE_METHOD_MATCH = YES;
				CODE_SIGN_IDENTITY = "-";
				COPY_PHASE_STRIP = NO;
				DEBUG_INFORMATION_FORMAT = dwarf;
				ENABLE_STRICT_OBJC_MSGSEND = YES;
				ENABLE_TESTABILITY = YES;
				GCC_C_LANGUAGE_STANDARD = gnu99;
				GCC_DYNAMIC_NO_PIC = NO;
				GCC_NO_COMMON_BLOCKS = YES;
				GCC_OPTIMIZATION_LEVEL = 0;
				GCC_PREPROCESSOR_DEFINITIONS = (
					"DEBUG=1",
					"$(inherited)",
				);
				GCC_WARN_64_TO_32_BIT_CONVERSION = YES;
				GCC_WARN_ABOUT_RETURN_TYPE = YES_ERROR;
				GCC_WARN_UNDECLARED_SELECTOR = YES;
				GCC_WARN_UNINITIALIZED_AUTOS = YES_AGGRESSIVE;
				GCC_WARN_UNUSED_FUNCTION = YES;
				GCC_WARN_UNUSED_VARIABLE = YES;
				MACOSX_DEPLOYMENT_TARGET = 10.12;
				MTL_ENABLE_DEBUG_INFO = YES;
				ONLY_ACTIVE_ARCH = YES;
				SDKROOT = macosx;
			};
			name = Debug;
		};
		28A3E0EA1F7E060500340A17 /* Release */ = {
			isa = XCBuildConfiguration;
			buildSettings = {
				ALWAYS_SEARCH_USER_PATHS = NO;
				CLANG_ANALYZER_NONNULL = YES;
				CLANG_ANALYZER_NUMBER_OBJECT_CONVERSION = YES_AGGRESSIVE;
				CLANG_CXX_LANGUAGE_STANDARD = "gnu++0x";
				CLANG_CXX_LIBRARY = "libc++";
				CLANG_ENABLE_MODULES = YES;
				CLANG_ENABLE_OBJC_ARC = YES;
				CLANG_WARN_BOOL_CONVERSION = YES;
				CLANG_WARN_CONSTANT_CONVERSION = YES;
				CLANG_WARN_DIRECT_OBJC_ISA_USAGE = YES_ERROR;
				CLANG_WARN_DOCUMENTATION_COMMENTS = YES;
				CLANG_WARN_EMPTY_BODY = YES;
				CLANG_WARN_ENUM_CONVERSION = YES;
				CLANG_WARN_INFINITE_RECURSION = YES;
				CLANG_WARN_INT_CONVERSION = YES;
				CLANG_WARN_OBJC_ROOT_CLASS = YES_ERROR;
				CLANG_WARN_SUSPICIOUS_MOVE = YES;
				CLANG_WARN_UNREACHABLE_CODE = YES;
				CLANG_WARN__DUPLICATE_METHOD_MATCH = YES;
				CODE_SIGN_IDENTITY = "-";
				COPY_PHASE_STRIP = NO;
				DEBUG_INFORMATION_FORMAT = "dwarf-with-dsym";
				ENABLE_NS_ASSERTIONS = NO;
				ENABLE_STRICT_OBJC_MSGSEND = YES;
				GCC_C_LANGUAGE_STANDARD = gnu99;
				GCC_NO_COMMON_BLOCKS = YES;
				GCC_WARN_64_TO_32_BIT_CONVERSION = YES;
				GCC_WARN_ABOUT_RETURN_TYPE = YES_ERROR;
				GCC_WARN_UNDECLARED_SELECTOR = YES;
				GCC_WARN_UNINITIALIZED_AUTOS = YES_AGGRESSIVE;
				GCC_WARN_UNUSED_FUNCTION = YES;
				GCC_WARN_UNUSED_VARIABLE = YES;
				MACOSX_DEPLOYMENT_TARGET = 10.12;
				MTL_ENABLE_DEBUG_INFO = NO;
				SDKROOT = macosx;
			};
			name = Release;
		};
		28A3E0EC1F7E060500340A17 /* Debug */ = {
			isa = XCBuildConfiguration;
			buildSettings = {
				HEADER_SEARCH_PATHS = /usr/local/include;
				LIBRARY_SEARCH_PATHS = /usr/local/lib;
				PRODUCT_NAME = "$(TARGET_NAME)";
			};
			name = Debug;
		};
		28A3E0ED1F7E060500340A17 /* Release */ = {
			isa = XCBuildConfiguration;
			buildSettings = {
				HEADER_SEARCH_PATHS = /usr/local/include;
				LIBRARY_SEARCH_PATHS = /usr/local/lib;
				PRODUCT_NAME = "$(TARGET_NAME)";
			};
			name = Release;
		};
/* End XCBuildConfiguration section */

/* Begin XCConfigurationList section */
		28A3E0DF1F7E060500340A17 /* Build configuration list for PBXProject "block_identifier" */ = {
			isa = XCConfigurationList;
			buildConfigurations = (
				28A3E0E91F7E060500340A17 /* Debug */,
				28A3E0EA1F7E060500340A17 /* Release */,
			);
			defaultConfigurationIsVisible = 0;
			defaultConfigurationName = Release;
		};
		28A3E0EB1F7E060500340A17 /* Build configuration list for PBXNativeTarget "block_identifier" */ = {
			isa = XCConfigurationList;
			buildConfigurations = (
				28A3E0EC1F7E060500340A17 /* Debug */,
				28A3E0ED1F7E060500340A17 /* Release */,
			);
			defaultConfigurationIsVisible = 0;
			defaultConfigurationName = Release;
		};
/* End XCConfigurationList section */
	};
	rootObject = 28A3E0DC1F7E060500340A17 /* Project object */;
}
